
Microsoft Visual Studio Solution File, Format Version 12.00
# Visual Studio Version 16
VisualStudioVersion = 16.0.30413.136
MinimumVisualStudioVersion = 10.0.40219.1
Project("{FAE04EC0-301F-11D3-BF4B-00C04F79EFBC}") = "SweetMVC", "SweetMVC\SweetMVC.csproj", "{85B2437C-949D-430A-B706-E22272B0CEE2}"
EndProject
Global
	GlobalSection(SolutionConfigurationPlatforms) = preSolution
		Debug|Any CPU = Debug|Any CPU
		Release|Any CPU = Release|Any CPU
	EndGlobalSection
	GlobalSection(ProjectConfigurationPlatforms) = postSolution
		{85B2437C-949D-430A-B706-E22272B0CEE2}.Debug|Any CPU.ActiveCfg = Debug|Any CPU
		{85B2437C-949D-430A-B706-E22272B0CEE2}.Debug|Any CPU.Build.0 = Debug|Any CPU
		{85B2437C-949D-430A-B706-E22272B0CEE2}.Release|Any CPU.ActiveCfg = Release|Any CPU
		{85B2437C-949D-430A-B706-E22272B0CEE2}.Release|Any CPU.Build.0 = Release|Any CPU
	EndGlobalSection
	GlobalSection(SolutionProperties) = preSolution
		HideSolutionNode = FALSE
	EndGlobalSection
	GlobalSection(ExtensibilityGlobals) = postSolution
		SolutionGuid = {3C4E8C85-0827-49E8-A164-3D62BAC5B916}
	EndGlobalSection
EndGlobal
